Microsoft Visual Studio Solution File, Format Version 12.00
# Visual Studio Version 18
VisualStudioVersion = 18.10.12201.205
MinimumVisualStudioVersion = 10.0.40219.1
Project("{FAE04EC0-301F-11D3-BF4B-00C04F79EFBC}") = "Auth.Api", "src\Auth\Auth.Api\Auth.Api.csproj", "{1A2DD45B-C40D-4839-A4BF-81388C390FBF}"
EndProject
Project("{FAE04EC0-301F-11D3-BF4B-00C04F79EFBC}") = "Auth.Application", "src\Auth\Auth.Application\Auth.Application.csproj", "{D1806F10-7098-45CA-8EBC-E4F858998728}"
EndProject
Project("{FAE04EC0-301F-11D3-BF4B-00C04F79EFBC}") = "Auth.Domain", "src\Auth\Auth.Domain\Auth.Domain.csproj", "{61641858-5AA0-45D8-93A7-C4E23B63C353}"
EndProject
Project("{FAE04EC0-301F-11D3-BF4B-00C04F79EFBC}") = "Auth.Infrastructure", "src\Auth\Auth.Infrastructure\Auth.Infrastructure.csproj", "{8010BE8D-888C-49BB-BF90-079566183E22}"
EndProject
Project("{FAE04EC0-301F-11D3-BF4B-00C04F79EFBC}") = "BuildingBlocks.Common", "src\BuildingBlocks\BuildingBlocks.Common\BuildingBlocks.Common.csproj", "{6358494F-EE50-48A5-B6C6-A5EF911AFE46}"
EndProject
Project("{FAE04EC0-301F-11D3-BF4B-00C04F79EFBC}") = "BuildingBlocks.ServiceAuth", "src\BuildingBlocks\BuildingBlocks.ServiceAuth\BuildingBlocks.ServiceAuth.csproj", "{2FD34888-CD3C-4E4B-9423-454497BDD8C3}"
EndProject
Project("{FAE04EC0-301F-11D3-BF4B-00C04F79EFBC}") = "BuildingBlocks.WebHost", "src\BuildingBlocks\BuildingBlocks.WebHost\BuildingBlocks.WebHost.csproj", "{331F84C6-C5BF-45B7-9CF0-79946AF9BC69}"
EndProject
Project("{FAE04EC0-301F-11D3-BF4B-00C04F79EFBC}") = "Consolidacao.Application", "src\Consolidacao\Consolidacao.Application\Consolidacao.Application.csproj", "{CBD2E961-19FD-4A42-BA3B-06466A9802E9}"
EndProject
Project("{FAE04EC0-301F-11D3-BF4B-00C04F79EFBC}") = "Consolidacao.BackgroundServices", "src\Consolidacao\Consolidacao.BackgroundServices\Consolidacao.BackgroundServices.csproj", "{0ADB6645-ECAC-4AEE-890F-5E76041C6FF3}"
EndProject
Project("{FAE04EC0-301F-11D3-BF4B-00C04F79EFBC}") = "Consolidacao.Domain", "src\Consolidacao\Consolidacao.Domain\Consolidacao.Domain.csproj", "{B1B83C72-2013-432B-A9D7-2BE8A6FF1ABF}"
EndProject
Project("{FAE04EC0-301F-11D3-BF4B-00C04F79EFBC}") = "Consolidacao.Infrastructure", "src\Consolidacao\Consolidacao.Infrastructure\Consolidacao.Infrastructure.csproj", "{AB9C0D5C-F598-42DA-87FD-CFAA6DA469D4}"
EndProject
Project("{FAE04EC0-301F-11D3-BF4B-00C04F79EFBC}") = "Financeiro.Api", "src\Financeiro\Financeiro.Api\Financeiro.Api.csproj", "{4A4B4A4D-A231-4ED8-933E-22C52D27274E}"
EndProject
Project("{FAE04EC0-301F-11D3-BF4B-00C04F79EFBC}") = "Financeiro.Application", "src\Financeiro\Financeiro.Application\Financeiro.Application.csproj", "{9F8B9092-E573-4465-9917-47677604B8C6}"
EndProject
Project("{FAE04EC0-301F-11D3-BF4B-00C04F79EFBC}") = "Financeiro.Domain", "src\Financeiro\Financeiro.Domain\Financeiro.Domain.csproj", "{9A8B683E-58BC-44C5-A60D-92ED0A316657}"
EndProject
Project("{FAE04EC0-301F-11D3-BF4B-00C04F79EFBC}") = "Financeiro.Infrastructure", "src\Financeiro\Financeiro.Infrastructure\Financeiro.Infrastructure.csproj", "{49A0DA0B-0BD3-435D-9C8F-1482FE1DA3FC}"
EndProject
Project("{FAE04EC0-301F-11D3-BF4B-00C04F79EFBC}") = "Gateway.Api", "src\Gateway\Gateway.Api\Gateway.Api.csproj", "{CCE0EB98-5F6F-40CD-A1BA-E31D1BB25C18}"
EndProject
Project("{FAE04EC0-301F-11D3-BF4B-00C04F79EFBC}") = "Relatorios.Api", "src\Relatorios\Relatorios.Api\Relatorios.Api.csproj", "{47E236DB-7079-4B56-9558-18056AA0B63E}"
EndProject
Project("{FAE04EC0-301F-11D3-BF4B-00C04F79EFBC}") = "Relatorios.Application", "src\Relatorios\Relatorios.Application\Relatorios.Application.csproj", "{F12C5998-D235-43A1-BC8B-BCCB7CB28E1B}"
EndProject
Project("{FAE04EC0-301F-11D3-BF4B-00C04F79EFBC}") = "Relatorios.Domain", "src\Relatorios\Relatorios.Domain\Relatorios.Domain.csproj", "{0F0A0166-7B61-478A-A4E9-CFB7FC64548E}"
EndProject
Project("{FAE04EC0-301F-11D3-BF4B-00C04F79EFBC}") = "Relatorios.Infrastructure", "src\Relatorios\Relatorios.Infrastructure\Relatorios.Infrastructure.csproj", "{1AF4CF3C-79C0-49BF-ACFF-D06E6FAF04D9}"
EndProject
Project("{FAE04EC0-301F-11D3-BF4B-00C04F79EFBC}") = "ArchitectureTests", "tests\ArchitectureTests\ArchitectureTests.csproj", "{1C6561F5-7C83-45AC-A9C6-341779E6D3E0}"
EndProject
Project("{FAE04EC0-301F-11D3-BF4B-00C04F79EFBC}") = "Financeiro.Api.IntegrationTests", "tests\IntegrationTests\Financeiro.Api.IntegrationTests\Financeiro.Api.IntegrationTests.csproj", "{B29BE3B9-7393-4A4C-925B-122912DA48EC}"
EndProject
Project("{FAE04EC0-301F-11D3-BF4B-00C04F79EFBC}") = "RelatoriosLoadTest", "tests\LoadTests\RelatoriosLoadTest\RelatoriosLoadTest.csproj", "{07219872-2E60-4F0B-9800-03BC140D7E2A}"
EndProject
Project("{FAE04EC0-301F-11D3-BF4B-00C04F79EFBC}") = "Auth.Domain.Tests", "tests\UnitTests\Auth.Domain.Tests\Auth.Domain.Tests.csproj", "{62863DC3-C79A-4065-96C8-C68FA1A8AD9C}"
EndProject
Project("{FAE04EC0-301F-11D3-BF4B-00C04F79EFBC}") = "Consolidacao.Domain.Tests", "tests\UnitTests\Consolidacao.Domain.Tests\Consolidacao.Domain.Tests.csproj", "{0807691B-3BFD-490B-89EA-ABBA85E3C7D3}"
EndProject
Project("{FAE04EC0-301F-11D3-BF4B-00C04F79EFBC}") = "Financeiro.Domain.Tests", "tests\UnitTests\Financeiro.Domain.Tests\Financeiro.Domain.Tests.csproj", "{17E58FF5-FD93-497D-888F-0D6ADD42E3C4}"
EndProject
Project("{FAE04EC0-301F-11D3-BF4B-00C04F79EFBC}") = "Relatorios.Domain.Tests", "tests\UnitTests\Relatorios.Domain.Tests\Relatorios.Domain.Tests.csproj", "{85AF3031-41A7-4FD8-A112-ABBBEEA3994C}"
EndProject
Project("{2150E333-8FDC-42A3-9474-1A3956D46DE8}") = "Auth", "Auth", "{571CE57D-E64F-4FD8-AEF2-EE28C95909AE}"
EndProject
Project("{2150E333-8FDC-42A3-9474-1A3956D46DE8}") = "Common", "Common", "{4CA10748-CE3D-4395-A993-1B634A455FAD}"
EndProject
Project("{2150E333-8FDC-42A3-9474-1A3956D46DE8}") = "Consolidacao", "Consolidacao", "{B79F4F36-D5FB-4553-A3C0-D0C2D796A0A5}"
EndProject
Project("{2150E333-8FDC-42A3-9474-1A3956D46DE8}") = "Financeiro", "Financeiro", "{94C3BD31-6C4E-4A56-8149-184BBDE88E9C}"
EndProject
Project("{2150E333-8FDC-42A3-9474-1A3956D46DE8}") = "Relatorios", "Relatorios", "{39CA408A-A1F9-4E09-9CC0-368D96854F10}"
EndProject
Project("{FAE04EC0-301F-11D3-BF4B-00C04F79EFBC}") = "BuildingBlocks.Resilience", "src\BuildingBlocks\BuildingBlocks.Resilience\BuildingBlocks.Resilience.csproj", "{2655106E-7514-F59F-EF79-015CE4F3580D}"
EndProject
Global
	GlobalSection(SolutionConfigurationPlatforms) = preSolution
		Debug|Any CPU = Debug|Any CPU
		Release|Any CPU = Release|Any CPU
	EndGlobalSection
	GlobalSection(ProjectConfigurationPlatforms) = postSolution
		{1A2DD45B-C40D-4839-A4BF-81388C390FBF}.Debug|Any CPU.ActiveCfg = Debug|Any CPU
		{1A2DD45B-C40D-4839-A4BF-81388C390FBF}.Debug|Any CPU.Build.0 = Debug|Any CPU
		{1A2DD45B-C40D-4839-A4BF-81388C390FBF}.Release|Any CPU.ActiveCfg = Release|Any CPU
		{1A2DD45B-C40D-4839-A4BF-81388C390FBF}.Release|Any CPU.Build.0 = Release|Any CPU
		{D1806F10-7098-45CA-8EBC-E4F858998728}.Debug|Any CPU.ActiveCfg = Debug|Any CPU
		{D1806F10-7098-45CA-8EBC-E4F858998728}.Debug|Any CPU.Build.0 = Debug|Any CPU
		{D1806F10-7098-45CA-8EBC-E4F858998728}.Release|Any CPU.ActiveCfg = Release|Any CPU
		{D1806F10-7098-45CA-8EBC-E4F858998728}.Release|Any CPU.Build.0 = Release|Any CPU
		{61641858-5AA0-45D8-93A7-C4E23B63C353}.Debug|Any CPU.ActiveCfg = Debug|Any CPU
		{61641858-5AA0-45D8-93A7-C4E23B63C353}.Debug|Any CPU.Build.0 = Debug|Any CPU
		{61641858-5AA0-45D8-93A7-C4E23B63C353}.Release|Any CPU.ActiveCfg = Release|Any CPU
		{61641858-5AA0-45D8-93A7-C4E23B63C353}.Release|Any CPU.Build.0 = Release|Any CPU
		{8010BE8D-888C-49BB-BF90-079566183E22}.Debug|Any CPU.ActiveCfg = Debug|Any CPU
		{8010BE8D-888C-49BB-BF90-079566183E22}.Debug|Any CPU.Build.0 = Debug|Any CPU
		{8010BE8D-888C-49BB-BF90-079566183E22}.Release|Any CPU.ActiveCfg = Release|Any CPU
		{8010BE8D-888C-49BB-BF90-079566183E22}.Release|Any CPU.Build.0 = Release|Any CPU
		{6358494F-EE50-48A5-B6C6-A5EF911AFE46}.Debug|Any CPU.ActiveCfg = Debug|Any CPU
		{6358494F-EE50-48A5-B6C6-A5EF911AFE46}.Debug|Any CPU.Build.0 = Debug|Any CPU
		{6358494F-EE50-48A5-B6C6-A5EF911AFE46}.Release|Any CPU.ActiveCfg = Release|Any CPU
		{6358494F-EE50-48A5-B6C6-A5EF911AFE46}.Release|Any CPU.Build.0 = Release|Any CPU
		{2FD34888-CD3C-4E4B-9423-454497BDD8C3}.Debug|Any CPU.ActiveCfg = Debug|Any CPU
		{2FD34888-CD3C-4E4B-9423-454497BDD8C3}.Debug|Any CPU.Build.0 = Debug|Any CPU
		{2FD34888-CD3C-4E4B-9423-454497BDD8C3}.Release|Any CPU.ActiveCfg = Release|Any CPU
		{2FD34888-CD3C-4E4B-9423-454497BDD8C3}.Release|Any CPU.Build.0 = Release|Any CPU
		{331F84C6-C5BF-45B7-9CF0-79946AF9BC69}.Debug|Any CPU.ActiveCfg = Debug|Any CPU
		{331F84C6-C5BF-45B7-9CF0-79946AF9BC69}.Debug|Any CPU.Build.0 = Debug|Any CPU
		{331F84C6-C5BF-45B7-9CF0-79946AF9BC69}.Release|Any CPU.ActiveCfg = Release|Any CPU
		{331F84C6-C5BF-45B7-9CF0-79946AF9BC69}.Release|Any CPU.Build.0 = Release|Any CPU
		{CBD2E961-19FD-4A42-BA3B-06466A9802E9}.Debug|Any CPU.ActiveCfg = Debug|Any CPU
		{CBD2E961-19FD-4A42-BA3B-06466A9802E9}.Debug|Any CPU.Build.0 = Debug|Any CPU
		{CBD2E961-19FD-4A42-BA3B-06466A9802E9}.Release|Any CPU.ActiveCfg = Release|Any CPU
		{CBD2E961-19FD-4A42-BA3B-06466A9802E9}.Release|Any CPU.Build.0 = Release|Any CPU
		{0ADB6645-ECAC-4AEE-890F-5E76041C6FF3}.Debug|Any CPU.ActiveCfg = Debug|Any CPU
		{0ADB6645-ECAC-4AEE-890F-5E76041C6FF3}.Debug|Any CPU.Build.0 = Debug|Any CPU
		{0ADB6645-ECAC-4AEE-890F-5E76041C6FF3}.Release|Any CPU.ActiveCfg = Release|Any CPU
		{0ADB6645-ECAC-4AEE-890F-5E76041C6FF3}.Release|Any CPU.Build.0 = Release|Any CPU
		{B1B83C72-2013-432B-A9D7-2BE8A6FF1ABF}.Debug|Any CPU.ActiveCfg = Debug|Any CPU
		{B1B83C72-2013-432B-A9D7-2BE8A6FF1ABF}.Debug|Any CPU.Build.0 = Debug|Any CPU
		{B1B83C72-2013-432B-A9D7-2BE8A6FF1ABF}.Release|Any CPU.ActiveCfg = Release|Any CPU
		{B1B83C72-2013-432B-A9D7-2BE8A6FF1ABF}.Release|Any CPU.Build.0 = Release|Any CPU
		{AB9C0D5C-F598-42DA-87FD-CFAA6DA469D4}.Debug|Any CPU.ActiveCfg = Debug|Any CPU
		{AB9C0D5C-F598-42DA-87FD-CFAA6DA469D4}.Debug|Any CPU.Build.0 = Debug|Any CPU
		{AB9C0D5C-F598-42DA-87FD-CFAA6DA469D4}.Release|Any CPU.ActiveCfg = Release|Any CPU
		{AB9C0D5C-F598-42DA-87FD-CFAA6DA469D4}.Release|Any CPU.Build.0 = Release|Any CPU
		{4A4B4A4D-A231-4ED8-933E-22C52D27274E}.Debug|Any CPU.ActiveCfg = Debug|Any CPU
		{4A4B4A4D-A231-4ED8-933E-22C52D27274E}.Debug|Any CPU.Build.0 = Debug|Any CPU
		{4A4B4A4D-A231-4ED8-933E-22C52D27274E}.Release|Any CPU.ActiveCfg = Release|Any CPU
		{4A4B4A4D-A231-4ED8-933E-22C52D27274E}.Release|Any CPU.Build.0 = Release|Any CPU
		{9F8B9092-E573-4465-9917-47677604B8C6}.Debug|Any CPU.ActiveCfg = Debug|Any CPU
		{9F8B9092-E573-4465-9917-47677604B8C6}.Debug|Any CPU.Build.0 = Debug|Any CPU
		{9F8B9092-E573-4465-9917-47677604B8C6}.Release|Any CPU.ActiveCfg = Release|Any CPU
		{9F8B9092-E573-4465-9917-47677604B8C6}.Release|Any CPU.Build.0 = Release|Any CPU
		{9A8B683E-58BC-44C5-A60D-92ED0A316657}.Debug|Any CPU.ActiveCfg = Debug|Any CPU
		{9A8B683E-58BC-44C5-A60D-92ED0A316657}.Debug|Any CPU.Build.0 = Debug|Any CPU
		{9A8B683E-58BC-44C5-A60D-92ED0A316657}.Release|Any CPU.ActiveCfg = Release|Any CPU
		{9A8B683E-58BC-44C5-A60D-92ED0A316657}.Release|Any CPU.Build.0 = Release|Any CPU
		{49A0DA0B-0BD3-435D-9C8F-1482FE1DA3FC}.Debug|Any CPU.ActiveCfg = Debug|Any CPU
		{49A0DA0B-0BD3-435D-9C8F-1482FE1DA3FC}.Debug|Any CPU.Build.0 = Debug|Any CPU
		{49A0DA0B-0BD3-435D-9C8F-1482FE1DA3FC}.Release|Any CPU.ActiveCfg = Release|Any CPU
		{49A0DA0B-0BD3-435D-9C8F-1482FE1DA3FC}.Release|Any CPU.Build.0 = Release|Any CPU
		{CCE0EB98-5F6F-40CD-A1BA-E31D1BB25C18}.Debug|Any CPU.ActiveCfg = Debug|Any CPU
		{CCE0EB98-5F6F-40CD-A1BA-E31D1BB25C18}.Debug|Any CPU.Build.0 = Debug|Any CPU
		{CCE0EB98-5F6F-40CD-A1BA-E31D1BB25C18}.Release|Any CPU.ActiveCfg = Release|Any CPU
		{CCE0EB98-5F6F-40CD-A1BA-E31D1BB25C18}.Release|Any CPU.Build.0 = Release|Any CPU
		{47E236DB-7079-4B56-9558-18056AA0B63E}.Debug|Any CPU.ActiveCfg = Debug|Any CPU
		{47E236DB-7079-4B56-9558-18056AA0B63E}.Debug|Any CPU.Build.0 = Debug|Any CPU
		{47E236DB-7079-4B56-9558-18056AA0B63E}.Release|Any CPU.ActiveCfg = Release|Any CPU
		{47E236DB-7079-4B56-9558-18056AA0B63E}.Release|Any CPU.Build.0 = Release|Any CPU
		{F12C5998-D235-43A1-BC8B-BCCB7CB28E1B}.Debug|Any CPU.ActiveCfg = Debug|Any CPU
		{F12C5998-D235-43A1-BC8B-BCCB7CB28E1B}.Debug|Any CPU.Build.0 = Debug|Any CPU
		{F12C5998-D235-43A1-BC8B-BCCB7CB28E1B}.Release|Any CPU.ActiveCfg = Release|Any CPU
		{F12C5998-D235-43A1-BC8B-BCCB7CB28E1B}.Release|Any CPU.Build.0 = Release|Any CPU
		{0F0A0166-7B61-478A-A4E9-CFB7FC64548E}.Debug|Any CPU.ActiveCfg = Debug|Any CPU
		{0F0A0166-7B61-478A-A4E9-CFB7FC64548E}.Debug|Any CPU.Build.0 = Debug|Any CPU
		{0F0A0166-7B61-478A-A4E9-CFB7FC64548E}.Release|Any CPU.ActiveCfg = Release|Any CPU
		{0F0A0166-7B61-478A-A4E9-CFB7FC64548E}.Release|Any CPU.Build.0 = Release|Any CPU
		{1AF4CF3C-79C0-49BF-ACFF-D06E6FAF04D9}.Debug|Any CPU.ActiveCfg = Debug|Any CPU
		{1AF4CF3C-79C0-49BF-ACFF-D06E6FAF04D9}.Debug|Any CPU.Build.0 = Debug|Any CPU
		{1AF4CF3C-79C0-49BF-ACFF-D06E6FAF04D9}.Release|Any CPU.ActiveCfg = Release|Any CPU
		{1AF4CF3C-79C0-49BF-ACFF-D06E6FAF04D9}.Release|Any CPU.Build.0 = Release|Any CPU
		{1C6561F5-7C83-45AC-A9C6-341779E6D3E0}.Debug|Any CPU.ActiveCfg = Debug|Any CPU
		{1C6561F5-7C83-45AC-A9C6-341779E6D3E0}.Debug|Any CPU.Build.0 = Debug|Any CPU
		{1C6561F5-7C83-45AC-A9C6-341779E6D3E0}.Release|Any CPU.ActiveCfg = Release|Any CPU
		{1C6561F5-7C83-45AC-A9C6-341779E6D3E0}.Release|Any CPU.Build.0 = Release|Any CPU
		{B29BE3B9-7393-4A4C-925B-122912DA48EC}.Debug|Any CPU.ActiveCfg = Debug|Any CPU
		{B29BE3B9-7393-4A4C-925B-122912DA48EC}.Debug|Any CPU.Build.0 = Debug|Any CPU
		{B29BE3B9-7393-4A4C-925B-122912DA48EC}.Release|Any CPU.ActiveCfg = Release|Any CPU
		{B29BE3B9-7393-4A4C-925B-122912DA48EC}.Release|Any CPU.Build.0 = Release|Any CPU
		{07219872-2E60-4F0B-9800-03BC140D7E2A}.Debug|Any CPU.ActiveCfg = Debug|Any CPU
		{07219872-2E60-4F0B-9800-03BC140D7E2A}.Debug|Any CPU.Build.0 = Debug|Any CPU
		{07219872-2E60-4F0B-9800-03BC140D7E2A}.Release|Any CPU.ActiveCfg = Release|Any CPU
		{07219872-2E60-4F0B-9800-03BC140D7E2A}.Release|Any CPU.Build.0 = Release|Any CPU
		{62863DC3-C79A-4065-96C8-C68FA1A8AD9C}.Debug|Any CPU.ActiveCfg = Debug|Any CPU
		{62863DC3-C79A-4065-96C8-C68FA1A8AD9C}.Debug|Any CPU.Build.0 = Debug|Any CPU
		{62863DC3-C79A-4065-96C8-C68FA1A8AD9C}.Release|Any CPU.ActiveCfg = Release|Any CPU
		{62863DC3-C79A-4065-96C8-C68FA1A8AD9C}.Release|Any CPU.Build.0 = Release|Any CPU
		{0807691B-3BFD-490B-89EA-ABBA85E3C7D3}.Debug|Any CPU.ActiveCfg = Debug|Any CPU
		{0807691B-3BFD-490B-89EA-ABBA85E3C7D3}.Debug|Any CPU.Build.0 = Debug|Any CPU
		{0807691B-3BFD-490B-89EA-ABBA85E3C7D3}.Release|Any CPU.ActiveCfg = Release|Any CPU
		{0807691B-3BFD-490B-89EA-ABBA85E3C7D3}.Release|Any CPU.Build.0 = Release|Any CPU
		{17E58FF5-FD93-497D-888F-0D6ADD42E3C4}.Debug|Any CPU.ActiveCfg = Debug|Any CPU
		{17E58FF5-FD93-497D-888F-0D6ADD42E3C4}.Debug|Any CPU.Build.0 = Debug|Any CPU
		{17E58FF5-FD93-497D-888F-0D6ADD42E3C4}.Release|Any CPU.ActiveCfg = Release|Any CPU
		{17E58FF5-FD93-497D-888F-0D6ADD42E3C4}.Release|Any CPU.Build.0 = Release|Any CPU
		{85AF3031-41A7-4FD8-A112-ABBBEEA3994C}.Debug|Any CPU.ActiveCfg = Debug|Any CPU
		{85AF3031-41A7-4FD8-A112-ABBBEEA3994C}.Debug|Any CPU.Build.0 = Debug|Any CPU
		{85AF3031-41A7-4FD8-A112-ABBBEEA3994C}.Release|Any CPU.ActiveCfg = Release|Any CPU
		{85AF3031-41A7-4FD8-A112-ABBBEEA3994C}.Release|Any CPU.Build.0 = Release|Any CPU
		{2655106E-7514-F59F-EF79-015CE4F3580D}.Debug|Any CPU.ActiveCfg = Debug|Any CPU
		{2655106E-7514-F59F-EF79-015CE4F3580D}.Debug|Any CPU.Build.0 = Debug|Any CPU
		{2655106E-7514-F59F-EF79-015CE4F3580D}.Release|Any CPU.ActiveCfg = Release|Any CPU
		{2655106E-7514-F59F-EF79-015CE4F3580D}.Release|Any CPU.Build.0 = Release|Any CPU
	EndGlobalSection
	GlobalSection(SolutionProperties) = preSolution
		HideSolutionNode = FALSE
	EndGlobalSection
	GlobalSection(NestedProjects) = preSolution
		{1A2DD45B-C40D-4839-A4BF-81388C390FBF} = {571CE57D-E64F-4FD8-AEF2-EE28C95909AE}
		{D1806F10-7098-45CA-8EBC-E4F858998728} = {571CE57D-E64F-4FD8-AEF2-EE28C95909AE}
		{61641858-5AA0-45D8-93A7-C4E23B63C353} = {571CE57D-E64F-4FD8-AEF2-EE28C95909AE}
		{8010BE8D-888C-49BB-BF90-079566183E22} = {571CE57D-E64F-4FD8-AEF2-EE28C95909AE}
		{6358494F-EE50-48A5-B6C6-A5EF911AFE46} = {4CA10748-CE3D-4395-A993-1B634A455FAD}
		{2FD34888-CD3C-4E4B-9423-454497BDD8C3} = {4CA10748-CE3D-4395-A993-1B634A455FAD}
		{331F84C6-C5BF-45B7-9CF0-79946AF9BC69} = {4CA10748-CE3D-4395-A993-1B634A455FAD}
		{CBD2E961-19FD-4A42-BA3B-06466A9802E9} = {B79F4F36-D5FB-4553-A3C0-D0C2D796A0A5}
		{0ADB6645-ECAC-4AEE-890F-5E76041C6FF3} = {B79F4F36-D5FB-4553-A3C0-D0C2D796A0A5}
		{B1B83C72-2013-432B-A9D7-2BE8A6FF1ABF} = {B79F4F36-D5FB-4553-A3C0-D0C2D796A0A5}
		{AB9C0D5C-F598-42DA-87FD-CFAA6DA469D4} = {B79F4F36-D5FB-4553-A3C0-D0C2D796A0A5}
		{4A4B4A4D-A231-4ED8-933E-22C52D27274E} = {94C3BD31-6C4E-4A56-8149-184BBDE88E9C}
		{9F8B9092-E573-4465-9917-47677604B8C6} = {94C3BD31-6C4E-4A56-8149-184BBDE88E9C}
		{9A8B683E-58BC-44C5-A60D-92ED0A316657} = {94C3BD31-6C4E-4A56-8149-184BBDE88E9C}
		{49A0DA0B-0BD3-435D-9C8F-1482FE1DA3FC} = {94C3BD31-6C4E-4A56-8149-184BBDE88E9C}
		{CCE0EB98-5F6F-40CD-A1BA-E31D1BB25C18} = {4CA10748-CE3D-4395-A993-1B634A455FAD}
		{47E236DB-7079-4B56-9558-18056AA0B63E} = {39CA408A-A1F9-4E09-9CC0-368D96854F10}
		{F12C5998-D235-43A1-BC8B-BCCB7CB28E1B} = {39CA408A-A1F9-4E09-9CC0-368D96854F10}
		{0F0A0166-7B61-478A-A4E9-CFB7FC64548E} = {39CA408A-A1F9-4E09-9CC0-368D96854F10}
		{1AF4CF3C-79C0-49BF-ACFF-D06E6FAF04D9} = {39CA408A-A1F9-4E09-9CC0-368D96854F10}
		{1C6561F5-7C83-45AC-A9C6-341779E6D3E0} = {4CA10748-CE3D-4395-A993-1B634A455FAD}
		{B29BE3B9-7393-4A4C-925B-122912DA48EC} = {94C3BD31-6C4E-4A56-8149-184BBDE88E9C}
		{07219872-2E60-4F0B-9800-03BC140D7E2A} = {39CA408A-A1F9-4E09-9CC0-368D96854F10}
		{62863DC3-C79A-4065-96C8-C68FA1A8AD9C} = {571CE57D-E64F-4FD8-AEF2-EE28C95909AE}
		{0807691B-3BFD-490B-89EA-ABBA85E3C7D3} = {B79F4F36-D5FB-4553-A3C0-D0C2D796A0A5}
		{17E58FF5-FD93-497D-888F-0D6ADD42E3C4} = {94C3BD31-6C4E-4A56-8149-184BBDE88E9C}
		{85AF3031-41A7-4FD8-A112-ABBBEEA3994C} = {39CA408A-A1F9-4E09-9CC0-368D96854F10}
		{2655106E-7514-F59F-EF79-015CE4F3580D} = {4CA10748-CE3D-4395-A993-1B634A455FAD}
	EndGlobalSection
	GlobalSection(ExtensibilityGlobals) = postSolution
		SolutionGuid = {EA46331D-7E81-41E9-8214-7D8801D7CE1B}
	EndGlobalSection
EndGlobal
